
Microsoft Visual Studio Solution File, Format Version 12.00
# Visual Studio Version 17
VisualStudioVersion = 17.4.33122.133
MinimumVisualStudioVersion = 10.0.40219.1
Project("{FAE04EC0-301F-11D3-BF4B-00C04F79EFBC}") = "DemoTelerik", "DemoTelerik\DemoTelerik.csproj", "{AE7C69CC-9693-4F8A-ACF7-76A7A741764D}"
EndProject
Project("{2150E333-8FDC-42A3-9474-1A3956D46DE8}") = "Solution Items", "Solution Items", "{F6C9222B-E96E-4675-866B-77CA0ACB16AB}"
	ProjectSection(SolutionItems) = preProject
		global.json = global.json
	EndProjectSection
EndProject
Project("{2150E333-8FDC-42A3-9474-1A3956D46DE8}") = "Transversal", "Transversal", "{33865419-5DD7-4221-8FAE-F06369B9A535}"
EndProject
Project("{2150E333-8FDC-42A3-9474-1A3956D46DE8}") = "Infraestructura", "Infraestructura", "{A58300F3-7C8A-4E06-ABF6-B9A20D4A8B7B}"
EndProject
Project("{2150E333-8FDC-42A3-9474-1A3956D46DE8}") = "Dominio", "Dominio", "{1F0FBF0C-871A-45A1-8B29-519869717DCF}"
EndProject
Project("{2150E333-8FDC-42A3-9474-1A3956D46DE8}") = "Aplicacion", "Aplicacion", "{DFDDBB0A-551E-4D47-9298-96C7CC62FEB3}"
EndProject
Project("{FAE04EC0-301F-11D3-BF4B-00C04F79EFBC}") = "DemoTelerik.Transversal.Mapper", "DemoTelerik.Transversal.Mapper\DemoTelerik.Transversal.Mapper.csproj", "{2BC5C97C-F794-4C1F-A733-E1C72A0606E8}"
EndProject
Project("{FAE04EC0-301F-11D3-BF4B-00C04F79EFBC}") = "DemoTelerik.Infraestructura.Data", "DemoTelerik.Infraestructura.Data\DemoTelerik.Infraestructura.Data.csproj", "{C9699DEF-79C8-413D-A519-5AA47E647E97}"
EndProject
Global
	GlobalSection(SolutionConfigurationPlatforms) = preSolution
		Debug|Any CPU = Debug|Any CPU
		Release|Any CPU = Release|Any CPU
	EndGlobalSection
	GlobalSection(ProjectConfigurationPlatforms) = postSolution
		{AE7C69CC-9693-4F8A-ACF7-76A7A741764D}.Debug|Any CPU.ActiveCfg = Debug|Any CPU
		{AE7C69CC-9693-4F8A-ACF7-76A7A741764D}.Debug|Any CPU.Build.0 = Debug|Any CPU
		{AE7C69CC-9693-4F8A-ACF7-76A7A741764D}.Release|Any CPU.ActiveCfg = Release|Any CPU
		{AE7C69CC-9693-4F8A-ACF7-76A7A741764D}.Release|Any CPU.Build.0 = Release|Any CPU
		{2BC5C97C-F794-4C1F-A733-E1C72A0606E8}.Debug|Any CPU.ActiveCfg = Debug|Any CPU
		{2BC5C97C-F794-4C1F-A733-E1C72A0606E8}.Debug|Any CPU.Build.0 = Debug|Any CPU
		{2BC5C97C-F794-4C1F-A733-E1C72A0606E8}.Release|Any CPU.ActiveCfg = Release|Any CPU
		{2BC5C97C-F794-4C1F-A733-E1C72A0606E8}.Release|Any CPU.Build.0 = Release|Any CPU
		{C9699DEF-79C8-413D-A519-5AA47E647E97}.Debug|Any CPU.ActiveCfg = Debug|Any CPU
		{C9699DEF-79C8-413D-A519-5AA47E647E97}.Debug|Any CPU.Build.0 = Debug|Any CPU
		{C9699DEF-79C8-413D-A519-5AA47E647E97}.Release|Any CPU.ActiveCfg = Release|Any CPU
		{C9699DEF-79C8-413D-A519-5AA47E647E97}.Release|Any CPU.Build.0 = Release|Any CPU
	EndGlobalSection
	GlobalSection(SolutionProperties) = preSolution
		HideSolutionNode = FALSE
	EndGlobalSection
	GlobalSection(NestedProjects) = preSolution
		{2BC5C97C-F794-4C1F-A733-E1C72A0606E8} = {33865419-5DD7-4221-8FAE-F06369B9A535}
		{C9699DEF-79C8-413D-A519-5AA47E647E97} = {A58300F3-7C8A-4E06-ABF6-B9A20D4A8B7B}
	EndGlobalSection
	GlobalSection(ExtensibilityGlobals) = postSolution
		SolutionGuid = {59FC6DA3-CB07-4197-9344-E87B35A8DC8F}
	EndGlobalSection
EndGlobal
